{
  "name": "findagravemiddleborough.ml",
  "lockfileVersion": 2,
  "requires": true,
  "packages": {
    "": {
      "dependencies": {
        "node-color-log": "^5.2.0",
        "xhr2": "^0.2.1"
      }
    },
    "node_modules/node-color-log": {
      "version": "5.2.0",
      "resolved": "https://registry.npmjs.org/node-color-log/-/node-color-log-5.2.0.tgz",
      "integrity": "sha512-hQ6TG6WQJVAheRTeIUUxcxVFCv+guVcK+eNAla/4+lLr0u5axBXrSaUAnRwWoBQBswLtwlYYYgDX9J6ieyvl1w=="
    },
    "node_modules/xhr2": {
      "version": "0.2.1",
      "resolved": "https://registry.npmjs.org/xhr2/-/xhr2-0.2.1.tgz",
      "integrity": "sha512-sID0rrVCqkVNUn8t6xuv9+6FViXjUVXq8H5rWOH2rz9fDNQEd4g0EA2XlcEdJXRz5BMEn4O1pJFdT+z4YHhoWw==",
      "engines": {
        "node": ">= 6"
      }
    }
  },
  "dependencies": {
    "node-color-log": {
      "version": "5.2.0",
      "resolved": "https://registry.npmjs.org/node-color-log/-/node-color-log-5.2.0.tgz",
      "integrity": "sha512-hQ6TG6WQJVAheRTeIUUxcxVFCv+guVcK+eNAla/4+lLr0u5axBXrSaUAnRwWoBQBswLtwlYYYgDX9J6ieyvl1w=="
    },
    "xhr2": {
      "version": "0.2.1",
      "resolved": "https://registry.npmjs.org/xhr2/-/xhr2-0.2.1.tgz",
      "integrity": "sha512-sID0rrVCqkVNUn8t6xuv9+6FViXjUVXq8H5rWOH2rz9fDNQEd4g0EA2XlcEdJXRz5BMEn4O1pJFdT+z4YHhoWw=="
    }
  }
}
